// !$*UTF8*$!
{
	archiveVersion = 1;
	classes = {
	};
	objectVersion = 50;
	objects = {

/* Begin PBXBuildFile section */
		02BEAFA0253039D8002FBFF3 /* AppDelegate.swift in Sources */ = {isa = PBXBuildFile; fileRef = 02BEAF9F253039D8002FBFF3 /* AppDelegate.swift */; };
		02BEAFA4253039D8002FBFF3 /* ViewController.swift in Sources */ = {isa = PBXBuildFile; fileRef = 02BEAFA3253039D8002FBFF3 /* ViewController.swift */; };
		02BEAFA7253039D8002FBFF3 /* Main.storyboard in Resources */ = {isa = PBXBuildFile; fileRef = 02BEAFA5253039D8002FBFF3 /* Main.storyboard */; };
		02BEAFA9253039D9002FBFF3 /* Assets.xcassets in Resources */ = {isa = PBXBuildFile; fileRef = 02BEAFA8253039D9002FBFF3 /* Assets.xcassets */; };
		02BEAFAC253039D9002FBFF3 /* LaunchScreen.storyboard in Resources */ = {isa = PBXBuildFile; fileRef = 02BEAFAA253039D9002FBFF3 /* LaunchScreen.storyboard */; };
		02BEAFB425304044002FBFF3 /* ActionType.swift in Sources */ = {isa = PBXBuildFile; fileRef = 02BEAFB325304044002FBFF3 /* ActionType.swift */; };
		02BEAFB62530413A002FBFF3 /* Key.swift in Sources */ = {isa = PBXBuildFile; fileRef = 02BEAFB52530413A002FBFF3 /* Key.swift */; };
		02BEAFBA253045D6002FBFF3 /* KeyCollectionViewCell.swift in Sources */ = {isa = PBXBuildFile; fileRef = 02BEAFB9253045D6002FBFF3 /* KeyCollectionViewCell.swift */; };
		02BEAFBE25305878002FBFF3 /* FlowLayout.swift in Sources */ = {isa = PBXBuildFile; fileRef = 02BEAFBD25305878002FBFF3 /* FlowLayout.swift */; };
		02BEAFC025305AF6002FBFF3 /* CalculationManager.swift in Sources */ = {isa = PBXBuildFile; fileRef = 02BEAFBF25305AF6002FBFF3 /* CalculationManager.swift */; };
		02BEAFC42530A02B002FBFF3 /* Double+Ext.swift in Sources */ = {isa = PBXBuildFile; fileRef = 02BEAFC32530A02B002FBFF3 /* Double+Ext.swift */; };
/* End PBXBuildFile section */

/* Begin PBXFileReference section */
		02BEAF9C253039D8002FBFF3 /* CalcND.app */ = {isa = PBXFileReference; explicitFileType = wrapper.application; includeInIndex = 0; path = CalcND.app; sourceTree = BUILT_PRODUCTS_DIR; };
		02BEAF9F253039D8002FBFF3 /* AppDelegate.swift */ = {isa = PBXFileReference; lastKnownFileType = sourcecode.swift; path = AppDelegate.swift; sourceTree = "<group>"; };
		02BEAFA3253039D8002FBFF3 /* ViewController.swift */ = {isa = PBXFileReference; lastKnownFileType = sourcecode.swift; path = ViewController.swift; sourceTree = "<group>"; };
		02BEAFA6253039D8002FBFF3 /* Base */ = {isa = PBXFileReference; lastKnownFileType = file.storyboard; name = Base; path = Base.lproj/Main.storyboard; sourceTree = "<group>"; };
		02BEAFA8253039D9002FBFF3 /* Assets.xcassets */ = {isa = PBXFileReference; lastKnownFileType = folder.assetcatalog; path = Assets.xcassets; sourceTree = "<group>"; };
		02BEAFAB253039D9002FBFF3 /* Base */ = {isa = PBXFileReference; lastKnownFileType = file.storyboard; name = Base; path = Base.lproj/LaunchScreen.storyboard; sourceTree = "<group>"; };
		02BEAFAD253039D9002FBFF3 /* Info.plist */ = {isa = PBXFileReference; lastKnownFileType = text.plist.xml; path = Info.plist; sourceTree = "<group>"; };
		02BEAFB325304044002FBFF3 /* ActionType.swift */ = {isa = PBXFileReference; lastKnownFileType = sourcecode.swift; path = ActionType.swift; sourceTree = "<group>"; };
		02BEAFB52530413A002FBFF3 /* Key.swift */ = {isa = PBXFileReference; lastKnownFileType = sourcecode.swift; path = Key.swift; sourceTree = "<group>"; };
		02BEAFB9253045D6002FBFF3 /* KeyCollectionViewCell.swift */ = {isa = PBXFileReference; lastKnownFileType = sourcecode.swift; path = KeyCollectionViewCell.swift; sourceTree = "<group>"; };
		02BEAFBD25305878002FBFF3 /* FlowLayout.swift */ = {isa = PBXFileReference; lastKnownFileType = sourcecode.swift; path = FlowLayout.swift; sourceTree = "<group>"; };
		02BEAFBF25305AF6002FBFF3 /* CalculationManager.swift */ = {isa = PBXFileReference; lastKnownFileType = sourcecode.swift; path = CalculationManager.swift; sourceTree = "<group>"; };
		02BEAFC32530A02B002FBFF3 /* Double+Ext.swift */ = {isa = PBXFileReference; lastKnownFileType = sourcecode.swift; path = "Double+Ext.swift"; sourceTree = "<group>"; };
/* End PBXFileReference section */

/* Begin PBXFrameworksBuildPhase section */
		02BEAF99253039D8002FBFF3 /* Frameworks */ = {
			isa = PBXFrameworksBuildPhase;
			buildActionMask = 2147483647;
			files = (
			);
			runOnlyForDeploymentPostprocessing = 0;
		};
/* End PBXFrameworksBuildPhase section */

/* Begin PBXGroup section */
		02BEAF93253039D8002FBFF3 = {
			isa = PBXGroup;
			children = (
				02BEAF9E253039D8002FBFF3 /* CalcND */,
				02BEAF9D253039D8002FBFF3 /* Products */,
			);
			sourceTree = "<group>";
		};
		02BEAF9D253039D8002FBFF3 /* Products */ = {
			isa = PBXGroup;
			children = (
				02BEAF9C253039D8002FBFF3 /* CalcND.app */,
			);
			name = Products;
			sourceTree = "<group>";
		};
		02BEAF9E253039D8002FBFF3 /* CalcND */ = {
			isa = PBXGroup;
			children = (
				02BEAF9F253039D8002FBFF3 /* AppDelegate.swift */,
				02BEAFC225307B32002FBFF3 /* View */,
				02BEAFC125307B1D002FBFF3 /* Model */,
				02BEAFA5253039D8002FBFF3 /* Main.storyboard */,
				02BEAFA8253039D9002FBFF3 /* Assets.xcassets */,
				02BEAFAA253039D9002FBFF3 /* LaunchScreen.storyboard */,
				02BEAFAD253039D9002FBFF3 /* Info.plist */,
			);
			path = CalcND;
			sourceTree = "<group>";
		};
		02BEAFC125307B1D002FBFF3 /* Model */ = {
			isa = PBXGroup;
			children = (
				02BEAFBF25305AF6002FBFF3 /* CalculationManager.swift */,
				02BEAFB325304044002FBFF3 /* ActionType.swift */,
				02BEAFB52530413A002FBFF3 /* Key.swift */,
				02BEAFC32530A02B002FBFF3 /* Double+Ext.swift */,
			);
			path = Model;
			sourceTree = "<group>";
		};
		02BEAFC225307B32002FBFF3 /* View */ = {
			isa = PBXGroup;
			children = (
				02BEAFBD25305878002FBFF3 /* FlowLayout.swift */,
				02BEAFB9253045D6002FBFF3 /* KeyCollectionViewCell.swift */,
				02BEAFA3253039D8002FBFF3 /* ViewController.swift */,
			);
			path = View;
			sourceTree = "<group>";
		};
/* End PBXGroup section */

/* Begin PBXNativeTarget section */
		02BEAF9B253039D8002FBFF3 /* CalcND */ = {
			isa = PBXNativeTarget;
			buildConfigurationList = 02BEAFB0253039D9002FBFF3 /* Build configuration list for PBXNativeTarget "CalcND" */;
			buildPhases = (
				02BEAF98253039D8002FBFF3 /* Sources */,
				02BEAF99253039D8002FBFF3 /* Frameworks */,
				02BEAF9A253039D8002FBFF3 /* Resources */,
			);
			buildRules = (
			);
			dependencies = (
			);
			name = CalcND;
			productName = CalcND;
			productReference = 02BEAF9C253039D8002FBFF3 /* CalcND.app */;
			productType = "com.apple.product-type.application";
		};
/* End PBXNativeTarget section */

/* Begin PBXProject section */
		02BEAF94253039D8002FBFF3 /* Project object */ = {
			isa = PBXProject;
			attributes = {
				LastSwiftUpdateCheck = 1130;
				LastUpgradeCheck = 1130;
				ORGANIZATIONNAME = mst;
				TargetAttributes = {
					02BEAF9B253039D8002FBFF3 = {
						CreatedOnToolsVersion = 11.3.1;
					};
				};
			};
			buildConfigurationList = 02BEAF97253039D8002FBFF3 /* Build configuration list for PBXProject "CalcND" */;
			compatibilityVersion = "Xcode 9.3";
			developmentRegion = en;
			hasScannedForEncodings = 0;
			knownRegions = (
				en,
				Base,
			);
			mainGroup = 02BEAF93253039D8002FBFF3;
			productRefGroup = 02BEAF9D253039D8002FBFF3 /* Products */;
			projectDirPath = "";
			projectRoot = "";
			targets = (
				02BEAF9B253039D8002FBFF3 /* CalcND */,
			);
		};
/* End PBXProject section */

/* Begin PBXResourcesBuildPhase section */
		02BEAF9A253039D8002FBFF3 /* Resources */ = {
			isa = PBXResourcesBuildPhase;
			buildActionMask = 2147483647;
			files = (
				02BEAFAC253039D9002FBFF3 /* LaunchScreen.storyboard in Resources */,
				02BEAFA9253039D9002FBFF3 /* Assets.xcassets in Resources */,
				02BEAFA7253039D8002FBFF3 /* Main.storyboard in Resources */,
			);
			runOnlyForDeploymentPostprocessing = 0;
		};
/* End PBXResourcesBuildPhase section */

/* Begin PBXSourcesBuildPhase section */
		02BEAF98253039D8002FBFF3 /* Sources */ = {
			isa = PBXSourcesBuildPhase;
			buildActionMask = 2147483647;
			files = (
				02BEAFBA253045D6002FBFF3 /* KeyCollectionViewCell.swift in Sources */,
				02BEAFBE25305878002FBFF3 /* FlowLayout.swift in Sources */,
				02BEAFB62530413A002FBFF3 /* Key.swift in Sources */,
				02BEAFC025305AF6002FBFF3 /* CalculationManager.swift in Sources */,
				02BEAFA4253039D8002FBFF3 /* ViewController.swift in Sources */,
				02BEAFB425304044002FBFF3 /* ActionType.swift in Sources */,
				02BEAFA0253039D8002FBFF3 /* AppDelegate.swift in Sources */,
				02BEAFC42530A02B002FBFF3 /* Double+Ext.swift in Sources */,
			);
			runOnlyForDeploymentPostprocessing = 0;
		};
/* End PBXSourcesBuildPhase section */

/* Begin PBXVariantGroup section */
		02BEAFA5253039D8002FBFF3 /* Main.storyboard */ = {
			isa = PBXVariantGroup;
			children = (
				02BEAFA6253039D8002FBFF3 /* Base */,
			);
			name = Main.storyboard;
			sourceTree = "<group>";
		};
		02BEAFAA253039D9002FBFF3 /* LaunchScreen.storyboard */ = {
			isa = PBXVariantGroup;
			children = (
				02BEAFAB253039D9002FBFF3 /* Base */,
			);
			name = LaunchScreen.storyboard;
			sourceTree = "<group>";
		};
/* End PBXVariantGroup section */

/* Begin XCBuildConfiguration section */
		02BEAFAE253039D9002FBFF3 /* Debug */ = {
			isa = XCBuildConfiguration;
			buildSettings = {
				ALWAYS_SEARCH_USER_PATHS = NO;
				CLANG_ANALYZER_NONNULL = YES;
				CLANG_ANALYZER_NUMBER_OBJECT_CONVERSION = YES_AGGRESSIVE;
				CLANG_CXX_LANGUAGE_STANDARD = "gnu++14";
				CLANG_CXX_LIBRARY = "libc++";
				CLANG_ENABLE_MODULES = YES;
				CLANG_ENABLE_OBJC_ARC = YES;
				CLANG_ENABLE_OBJC_WEAK = YES;
				CLANG_WARN_BLOCK_CAPTURE_AUTORELEASING = YES;
				CLANG_WARN_BOOL_CONVERSION = YES;
				CLANG_WARN_COMMA = YES;
				CLANG_WARN_CONSTANT_CONVERSION = YES;
				CLANG_WARN_DEPRECATED_OBJC_IMPLEMENTATIONS = YES;
				CLANG_WARN_DIRECT_OBJC_ISA_USAGE = YES_ERROR;
				CLANG_WARN_DOCUMENTATION_COMMENTS = YES;
				CLANG_WARN_EMPTY_BODY = YES;
				CLANG_WARN_ENUM_CONVERSION = YES;
				CLANG_WARN_INFINITE_RECURSION = YES;
				CLANG_WARN_INT_CONVERSION = YES;
				CLANG_WARN_NON_LITERAL_NULL_CONVERSION = YES;
				CLANG_WARN_OBJC_IMPLICIT_RETAIN_SELF = YES;
				CLANG_WARN_OBJC_LITERAL_CONVERSION = YES;
				CLANG_WARN_OBJC_ROOT_CLASS = YES_ERROR;
				CLANG_WARN_RANGE_LOOP_ANALYSIS = YES;
				CLANG_WARN_STRICT_PROTOTYPES = YES;
				CLANG_WARN_SUSPICIOUS_MOVE = YES;
				CLANG_WARN_UNGUARDED_AVAILABILITY = YES_AGGRESSIVE;
				CLANG_WARN_UNREACHABLE_CODE = YES;
				CLANG_WARN__DUPLICATE_METHOD_MATCH = YES;
				COPY_PHASE_STRIP = NO;
				DEBUG_INFORMATION_FORMAT = dwarf;
				ENABLE_STRICT_OBJC_MSGSEND = YES;
				ENABLE_TESTABILITY = YES;
				GCC_C_LANGUAGE_STANDARD = gnu11;
				GCC_DYNAMIC_NO_PIC = NO;
				GCC_NO_COMMON_BLOCKS = YES;
				GCC_OPTIMIZATION_LEVEL = 0;
				GCC_PREPROCESSOR_DEFINITIONS = (
					"DEBUG=1",
					"$(inherited)",
				);
				GCC_WARN_64_TO_32_BIT_CONVERSION = YES;
				GCC_WARN_ABOUT_RETURN_TYPE = YES_ERROR;
				GCC_WARN_UNDECLARED_SELECTOR = YES;
				GCC_WARN_UNINITIALIZED_AUTOS = YES_AGGRESSIVE;
				GCC_WARN_UNUSED_FUNCTION = YES;
				GCC_WARN_UNUSED_VARIABLE = YES;
				IPHONEOS_DEPLOYMENT_TARGET = 11;
				MTL_ENABLE_DEBUG_INFO = INCLUDE_SOURCE;
				MTL_FAST_MATH = YES;
				ONLY_ACTIVE_ARCH = YES;
				SDKROOT = iphoneos;
				SWIFT_ACTIVE_COMPILATION_CONDITIONS = DEBUG;
				SWIFT_OPTIMIZATION_LEVEL = "-Onone";
			};
			name = Debug;
		};
		02BEAFAF253039D9002FBFF3 /* Release */ = {
			isa = XCBuildConfiguration;
			buildSettings = {
				ALWAYS_SEARCH_USER_PATHS = NO;
				CLANG_ANALYZER_NONNULL = YES;
				CLANG_ANALYZER_NUMBER_OBJECT_CONVERSION = YES_AGGRESSIVE;
				CLANG_CXX_LANGUAGE_STANDARD = "gnu++14";
				CLANG_CXX_LIBRARY = "libc++";
				CLANG_ENABLE_MODULES = YES;
				CLANG_ENABLE_OBJC_ARC = YES;
				CLANG_ENABLE_OBJC_WEAK = YES;
				CLANG_WARN_BLOCK_CAPTURE_AUTORELEASING = YES;
				CLANG_WARN_BOOL_CONVERSION = YES;
				CLANG_WARN_COMMA = YES;
				CLANG_WARN_CONSTANT_CONVERSION = YES;
				CLANG_WARN_DEPRECATED_OBJC_IMPLEMENTATIONS = YES;
				CLANG_WARN_DIRECT_OBJC_ISA_USAGE = YES_ERROR;
				CLANG_WARN_DOCUMENTATION_COMMENTS = YES;
				CLANG_WARN_EMPTY_BODY = YES;
				CLANG_WARN_ENUM_CONVERSION = YES;
				CLANG_WARN_INFINITE_RECURSION = YES;
				CLANG_WARN_INT_CONVERSION = YES;
				CLANG_WARN_NON_LITERAL_NULL_CONVERSION = YES;
				CLANG_WARN_OBJC_IMPLICIT_RETAIN_SELF = YES;
				CLANG_WARN_OBJC_LITERAL_CONVERSION = YES;
				CLANG_WARN_OBJC_ROOT_CLASS = YES_ERROR;
				CLANG_WARN_RANGE_LOOP_ANALYSIS = YES;
				CLANG_WARN_STRICT_PROTOTYPES = YES;
				CLANG_WARN_SUSPICIOUS_MOVE = YES;
				CLANG_WARN_UNGUARDED_AVAILABILITY = YES_AGGRESSIVE;
				CLANG_WARN_UNREACHABLE_CODE = YES;
				CLANG_WARN__DUPLICATE_METHOD_MATCH = YES;
				COPY_PHASE_STRIP = NO;
				DEBUG_INFORMATION_FORMAT = "dwarf-with-dsym";
				ENABLE_NS_ASSERTIONS = NO;
				ENABLE_STRICT_OBJC_MSGSEND = YES;
				GCC_C_LANGUAGE_STANDARD = gnu11;
				GCC_NO_COMMON_BLOCKS = YES;
				GCC_WARN_64_TO_32_BIT_CONVERSION = YES;
				GCC_WARN_ABOUT_RETURN_TYPE = YES_ERROR;
				GCC_WARN_UNDECLARED_SELECTOR = YES;
				GCC_WARN_UNINITIALIZED_AUTOS = YES_AGGRESSIVE;
				GCC_WARN_UNUSED_FUNCTION = YES;
				GCC_WARN_UNUSED_VARIABLE = YES;
				IPHONEOS_DEPLOYMENT_TARGET = 11;
				MTL_ENABLE_DEBUG_INFO = NO;
				MTL_FAST_MATH = YES;
				SDKROOT = iphoneos;
				SWIFT_COMPILATION_MODE = wholemodule;
				SWIFT_OPTIMIZATION_LEVEL = "-O";
				VALIDATE_PRODUCT = YES;
			};
			name = Release;
		};
		02BEAFB1253039D9002FBFF3 /* Debug */ = {
			isa = XCBuildConfiguration;
			buildSettings = {
				ASSETCATALOG_COMPILER_APPICON_NAME = AppIcon;
				CODE_SIGN_STYLE = Automatic;
				INFOPLIST_FILE = CalcND/Info.plist;
				LD_RUNPATH_SEARCH_PATHS = (
					"$(inherited)",
					"@executable_path/Frameworks",
				);
				PRODUCT_BUNDLE_IDENTIFIER = mst.CalcND;
				PRODUCT_NAME = "$(TARGET_NAME)";
				SWIFT_VERSION = 5.0;
				TARGETED_DEVICE_FAMILY = "1,2";
			};
			name = Debug;
		};
		02BEAFB2253039D9002FBFF3 /* Release */ = {
			isa = XCBuildConfiguration;
			buildSettings = {
				ASSETCATALOG_COMPILER_APPICON_NAME = AppIcon;
				CODE_SIGN_STYLE = Automatic;
				INFOPLIST_FILE = CalcND/Info.plist;
				LD_RUNPATH_SEARCH_PATHS = (
					"$(inherited)",
					"@executable_path/Frameworks",
				);
				PRODUCT_BUNDLE_IDENTIFIER = mst.CalcND;
				PRODUCT_NAME = "$(TARGET_NAME)";
				SWIFT_VERSION = 5.0;
				TARGETED_DEVICE_FAMILY = "1,2";
			};
			name = Release;
		};
/* End XCBuildConfiguration section */

/* Begin XCConfigurationList section */
		02BEAF97253039D8002FBFF3 /* Build configuration list for PBXProject "CalcND" */ = {
			isa = XCConfigurationList;
			buildConfigurations = (
				02BEAFAE253039D9002FBFF3 /* Debug */,
				02BEAFAF253039D9002FBFF3 /* Release */,
			);
			defaultConfigurationIsVisible = 0;
			defaultConfigurationName = Release;
		};
		02BEAFB0253039D9002FBFF3 /* Build configuration list for PBXNativeTarget "CalcND" */ = {
			isa = XCConfigurationList;
			buildConfigurations = (
				02BEAFB1253039D9002FBFF3 /* Debug */,
				02BEAFB2253039D9002FBFF3 /* Release */,
			);
			defaultConfigurationIsVisible = 0;
			defaultConfigurationName = Release;
		};
/* End XCConfigurationList section */
	};
	rootObject = 02BEAF94253039D8002FBFF3 /* Project object */;
}
